
Microsoft Visual Studio Solution File, Format Version 12.00
# Visual Studio Version 17
VisualStudioVersion = 17.14.36301.6 d17.14
MinimumVisualStudioVersion = 10.0.40219.1
Project("{FAE04EC0-301F-11D3-BF4B-00C04F79EFBC}") = "BlazorExpress.Bulma.Docx", "BlazorExpress.Bulma.Docx\BlazorExpress.Bulma.Docx.csproj", "{A9551BC1-DF96-8F7C-691F-6B81CCDCD04C}"
EndProject
Global
	GlobalSection(SolutionConfigurationPlatforms) = preSolution
		Debug|Any CPU = Debug|Any CPU
		Release|Any CPU = Release|Any CPU
	EndGlobalSection
	GlobalSection(ProjectConfigurationPlatforms) = postSolution
		{A9551BC1-DF96-8F7C-691F-6B81CCDCD04C}.Debug|Any CPU.ActiveCfg = Debug|Any CPU
		{A9551BC1-DF96-8F7C-691F-6B81CCDCD04C}.Debug|Any CPU.Build.0 = Debug|Any CPU
		{A9551BC1-DF96-8F7C-691F-6B81CCDCD04C}.Release|Any CPU.ActiveCfg = Release|Any CPU
		{A9551BC1-DF96-8F7C-691F-6B81CCDCD04C}.Release|Any CPU.Build.0 = Release|Any CPU
	EndGlobalSection
	GlobalSection(SolutionProperties) = preSolution
		HideSolutionNode = FALSE
	EndGlobalSection
	GlobalSection(ExtensibilityGlobals) = postSolution
		SolutionGuid = {74A97AD8-C260-412B-BD82-3D3B04E8EEFE}
	EndGlobalSection
EndGlobal
